
Microsoft Visual Studio Solution File, Format Version 12.00
# Visual Studio Version 16
VisualStudioVersion = 16.0.30406.217
MinimumVisualStudioVersion = 10.0.40219.1
Project("{FAE04EC0-301F-11D3-BF4B-00C04F79EFBC}") = "PrecedencePractice", "PrecedencePractice\PrecedencePractice.csproj", "{2F009C98-8B1A-40E1-9D59-C64B87EDB36B}"
EndProject
Global
	GlobalSection(SolutionConfigurationPlatforms) = preSolution
		Debug|Any CPU = Debug|Any CPU
		Release|Any CPU = Release|Any CPU
	EndGlobalSection
	GlobalSection(ProjectConfigurationPlatforms) = postSolution
		{2F009C98-8B1A-40E1-9D59-C64B87EDB36B}.Debug|Any CPU.ActiveCfg = Debug|Any CPU
		{2F009C98-8B1A-40E1-9D59-C64B87EDB36B}.Debug|Any CPU.Build.0 = Debug|Any CPU
		{2F009C98-8B1A-40E1-9D59-C64B87EDB36B}.Release|Any CPU.ActiveCfg = Release|Any CPU
		{2F009C98-8B1A-40E1-9D59-C64B87EDB36B}.Release|Any CPU.Build.0 = Release|Any CPU
	EndGlobalSection
	GlobalSection(SolutionProperties) = preSolution
		HideSolutionNode = FALSE
	EndGlobalSection
	GlobalSection(ExtensibilityGlobals) = postSolution
		SolutionGuid = {1EDC12E0-5D5D-4C47-BBD7-5DF55A41B2A6}
	EndGlobalSection
EndGlobal
